
Microsoft Visual Studio Solution File, Format Version 12.00
# Visual Studio Version 17
VisualStudioVersion = 17.11.35312.102
MinimumVisualStudioVersion = 10.0.40219.1
Project("{FAE04EC0-301F-11D3-BF4B-00C04F79EFBC}") = "Pronia.MVC", "Pronia.MVC\Pronia.MVC.csproj", "{C0DA5255-5031-42CB-998B-D0553B12DA91}"
EndProject
Project("{FAE04EC0-301F-11D3-BF4B-00C04F79EFBC}") = "Pronia.DAL", "Pronia.DAL\Pronia.DAL.csproj", "{074E7A71-9D74-4F91-A147-FED7A2062335}"
EndProject
Global
	GlobalSection(SolutionConfigurationPlatforms) = preSolution
		Debug|Any CPU = Debug|Any CPU
		Release|Any CPU = Release|Any CPU
	EndGlobalSection
	GlobalSection(ProjectConfigurationPlatforms) = postSolution
		{C0DA5255-5031-42CB-998B-D0553B12DA91}.Debug|Any CPU.ActiveCfg = Debug|Any CPU
		{C0DA5255-5031-42CB-998B-D0553B12DA91}.Debug|Any CPU.Build.0 = Debug|Any CPU
		{C0DA5255-5031-42CB-998B-D0553B12DA91}.Release|Any CPU.ActiveCfg = Release|Any CPU
		{C0DA5255-5031-42CB-998B-D0553B12DA91}.Release|Any CPU.Build.0 = Release|Any CPU
		{074E7A71-9D74-4F91-A147-FED7A2062335}.Debug|Any CPU.ActiveCfg = Debug|Any CPU
		{074E7A71-9D74-4F91-A147-FED7A2062335}.Debug|Any CPU.Build.0 = Debug|Any CPU
		{074E7A71-9D74-4F91-A147-FED7A2062335}.Release|Any CPU.ActiveCfg = Release|Any CPU
		{074E7A71-9D74-4F91-A147-FED7A2062335}.Release|Any CPU.Build.0 = Release|Any CPU
	EndGlobalSection
	GlobalSection(SolutionProperties) = preSolution
		HideSolutionNode = FALSE
	EndGlobalSection
	GlobalSection(ExtensibilityGlobals) = postSolution
		SolutionGuid = {CA3C074E-E2F1-442C-83BA-84738D93167B}
	EndGlobalSection
EndGlobal
